
Microsoft Visual Studio Solution File, Format Version 12.00
# Visual Studio Version 17
VisualStudioVersion = 17.10.34902.84
MinimumVisualStudioVersion = 10.0.40219.1
Project("{FAE04EC0-301F-11D3-BF4B-00C04F79EFBC}") = "Module13.6.1", "Module13.6.1\Module13.6.1.csproj", "{E86AD013-C3DB-41CC-9ADB-DE4255110B88}"
EndProject
Global
	GlobalSection(SolutionConfigurationPlatforms) = preSolution
		Debug|Any CPU = Debug|Any CPU
		Release|Any CPU = Release|Any CPU
	EndGlobalSection
	GlobalSection(ProjectConfigurationPlatforms) = postSolution
		{E86AD013-C3DB-41CC-9ADB-DE4255110B88}.Debug|Any CPU.ActiveCfg = Debug|Any CPU
		{E86AD013-C3DB-41CC-9ADB-DE4255110B88}.Debug|Any CPU.Build.0 = Debug|Any CPU
		{E86AD013-C3DB-41CC-9ADB-DE4255110B88}.Release|Any CPU.ActiveCfg = Release|Any CPU
		{E86AD013-C3DB-41CC-9ADB-DE4255110B88}.Release|Any CPU.Build.0 = Release|Any CPU
	EndGlobalSection
	GlobalSection(SolutionProperties) = preSolution
		HideSolutionNode = FALSE
	EndGlobalSection
	GlobalSection(ExtensibilityGlobals) = postSolution
		SolutionGuid = {8C211D8D-EB39-426F-A286-D70067A73A06}
	EndGlobalSection
EndGlobal
